
Microsoft Visual Studio Solution File, Format Version 12.00
# Visual Studio Version 16
VisualStudioVersion = 16.0.31624.102
MinimumVisualStudioVersion = 10.0.40219.1
Project("{9A19103F-16F7-4668-BE54-9A1E7A4F7556}") = "BTree", "BTree\BTree.csproj", "{27315EDB-2BEF-44B8-A085-0488358C07FF}"
EndProject
Project("{9A19103F-16F7-4668-BE54-9A1E7A4F7556}") = "Tests", "Tests\Tests.csproj", "{21304B69-0F2E-4DF9-A4A6-8506669BA679}"
EndProject
Global
	GlobalSection(SolutionConfigurationPlatforms) = preSolution
		Debug|Any CPU = Debug|Any CPU
		Release|Any CPU = Release|Any CPU
	EndGlobalSection
	GlobalSection(ProjectConfigurationPlatforms) = postSolution
		{27315EDB-2BEF-44B8-A085-0488358C07FF}.Debug|Any CPU.ActiveCfg = Debug|Any CPU
		{27315EDB-2BEF-44B8-A085-0488358C07FF}.Debug|Any CPU.Build.0 = Debug|Any CPU
		{27315EDB-2BEF-44B8-A085-0488358C07FF}.Release|Any CPU.ActiveCfg = Release|Any CPU
		{27315EDB-2BEF-44B8-A085-0488358C07FF}.Release|Any CPU.Build.0 = Release|Any CPU
		{21304B69-0F2E-4DF9-A4A6-8506669BA679}.Debug|Any CPU.ActiveCfg = Debug|Any CPU
		{21304B69-0F2E-4DF9-A4A6-8506669BA679}.Debug|Any CPU.Build.0 = Debug|Any CPU
		{21304B69-0F2E-4DF9-A4A6-8506669BA679}.Release|Any CPU.ActiveCfg = Release|Any CPU
		{21304B69-0F2E-4DF9-A4A6-8506669BA679}.Release|Any CPU.Build.0 = Release|Any CPU
	EndGlobalSection
	GlobalSection(SolutionProperties) = preSolution
		HideSolutionNode = FALSE
	EndGlobalSection
	GlobalSection(ExtensibilityGlobals) = postSolution
		SolutionGuid = {47A233FC-A0F4-4621-A28D-A3A58B7F5518}
	EndGlobalSection
EndGlobal
